
Microsoft Visual Studio Solution File, Format Version 12.00
# Visual Studio Version 17
VisualStudioVersion = 17.14.36414.22 d17.14
MinimumVisualStudioVersion = 10.0.40219.1
Project("{FAE04EC0-301F-11D3-BF4B-00C04F79EFBC}") = "PL", "PL\PL.csproj", "{4EBBE413-4434-459C-A434-B82FBCF1A212}"
EndProject
Project("{FAE04EC0-301F-11D3-BF4B-00C04F79EFBC}") = "BRL", "BRL\BRL.csproj", "{1E37D738-735D-436D-9520-6BD8C0D80FEC}"
EndProject
Project("{FAE04EC0-301F-11D3-BF4B-00C04F79EFBC}") = "DAL", "DAL\DAL.csproj", "{27894F1F-BC1D-4584-9613-71CBC42BB077}"
EndProject
Global
	GlobalSection(SolutionConfigurationPlatforms) = preSolution
		Debug|Any CPU = Debug|Any CPU
		Release|Any CPU = Release|Any CPU
	EndGlobalSection
	GlobalSection(ProjectConfigurationPlatforms) = postSolution
		{4EBBE413-4434-459C-A434-B82FBCF1A212}.Debug|Any CPU.ActiveCfg = Debug|Any CPU
		{4EBBE413-4434-459C-A434-B82FBCF1A212}.Debug|Any CPU.Build.0 = Debug|Any CPU
		{4EBBE413-4434-459C-A434-B82FBCF1A212}.Release|Any CPU.ActiveCfg = Release|Any CPU
		{4EBBE413-4434-459C-A434-B82FBCF1A212}.Release|Any CPU.Build.0 = Release|Any CPU
		{1E37D738-735D-436D-9520-6BD8C0D80FEC}.Debug|Any CPU.ActiveCfg = Debug|Any CPU
		{1E37D738-735D-436D-9520-6BD8C0D80FEC}.Debug|Any CPU.Build.0 = Debug|Any CPU
		{1E37D738-735D-436D-9520-6BD8C0D80FEC}.Release|Any CPU.ActiveCfg = Release|Any CPU
		{1E37D738-735D-436D-9520-6BD8C0D80FEC}.Release|Any CPU.Build.0 = Release|Any CPU
		{27894F1F-BC1D-4584-9613-71CBC42BB077}.Debug|Any CPU.ActiveCfg = Debug|Any CPU
		{27894F1F-BC1D-4584-9613-71CBC42BB077}.Debug|Any CPU.Build.0 = Debug|Any CPU
		{27894F1F-BC1D-4584-9613-71CBC42BB077}.Release|Any CPU.ActiveCfg = Release|Any CPU
		{27894F1F-BC1D-4584-9613-71CBC42BB077}.Release|Any CPU.Build.0 = Release|Any CPU
	EndGlobalSection
	GlobalSection(SolutionProperties) = preSolution
		HideSolutionNode = FALSE
	EndGlobalSection
	GlobalSection(ExtensibilityGlobals) = postSolution
		SolutionGuid = {D52724B9-D54F-49C3-A6F0-58A3073CE58E}
	EndGlobalSection
EndGlobal
